
Microsoft Visual Studio Solution File, Format Version 12.00
# Visual Studio Version 16
VisualStudioVersion = 16.0.31205.134
MinimumVisualStudioVersion = 10.0.40219.1
Project("{9A19103F-16F7-4668-BE54-9A1E7A4F7556}") = "Parpera.TransactionService.Api", "Parpera.TransactionService.Api\Parpera.TransactionService.Api.csproj", "{655AD717-3B5D-4693-9F95-6131ADB421C5}"
EndProject
Project("{9A19103F-16F7-4668-BE54-9A1E7A4F7556}") = "Parpera.TransactionService.Domain", "Parpera.TransactionService.Domain\Parpera.TransactionService.Domain.csproj", "{F03F3291-64CD-4C89-9046-03C7FCB777E9}"
EndProject
Project("{FAE04EC0-301F-11D3-BF4B-00C04F79EFBC}") = "Parpera.TransactionService.Data", "Parpera.TransactionService.Data\Parpera.TransactionService.Data.csproj", "{FDA1B8C9-EA64-4842-A161-725576D6207D}"
EndProject
Project("{FAE04EC0-301F-11D3-BF4B-00C04F79EFBC}") = "Parpera.TransactionService.UnitTests", "Parpera.TransactionService.UnitTests\Parpera.TransactionService.UnitTests.csproj", "{F12C6E54-7892-4D36-BE47-74EDF3B43998}"
EndProject
Global
	GlobalSection(SolutionConfigurationPlatforms) = preSolution
		Debug|Any CPU = Debug|Any CPU
		Release|Any CPU = Release|Any CPU
	EndGlobalSection
	GlobalSection(ProjectConfigurationPlatforms) = postSolution
		{655AD717-3B5D-4693-9F95-6131ADB421C5}.Debug|Any CPU.ActiveCfg = Debug|Any CPU
		{655AD717-3B5D-4693-9F95-6131ADB421C5}.Debug|Any CPU.Build.0 = Debug|Any CPU
		{655AD717-3B5D-4693-9F95-6131ADB421C5}.Release|Any CPU.ActiveCfg = Release|Any CPU
		{655AD717-3B5D-4693-9F95-6131ADB421C5}.Release|Any CPU.Build.0 = Release|Any CPU
		{F03F3291-64CD-4C89-9046-03C7FCB777E9}.Debug|Any CPU.ActiveCfg = Debug|Any CPU
		{F03F3291-64CD-4C89-9046-03C7FCB777E9}.Debug|Any CPU.Build.0 = Debug|Any CPU
		{F03F3291-64CD-4C89-9046-03C7FCB777E9}.Release|Any CPU.ActiveCfg = Release|Any CPU
		{F03F3291-64CD-4C89-9046-03C7FCB777E9}.Release|Any CPU.Build.0 = Release|Any CPU
		{FDA1B8C9-EA64-4842-A161-725576D6207D}.Debug|Any CPU.ActiveCfg = Debug|Any CPU
		{FDA1B8C9-EA64-4842-A161-725576D6207D}.Debug|Any CPU.Build.0 = Debug|Any CPU
		{FDA1B8C9-EA64-4842-A161-725576D6207D}.Release|Any CPU.ActiveCfg = Release|Any CPU
		{FDA1B8C9-EA64-4842-A161-725576D6207D}.Release|Any CPU.Build.0 = Release|Any CPU
		{F12C6E54-7892-4D36-BE47-74EDF3B43998}.Debug|Any CPU.ActiveCfg = Debug|Any CPU
		{F12C6E54-7892-4D36-BE47-74EDF3B43998}.Debug|Any CPU.Build.0 = Debug|Any CPU
		{F12C6E54-7892-4D36-BE47-74EDF3B43998}.Release|Any CPU.ActiveCfg = Release|Any CPU
		{F12C6E54-7892-4D36-BE47-74EDF3B43998}.Release|Any CPU.Build.0 = Release|Any CPU
	EndGlobalSection
	GlobalSection(SolutionProperties) = preSolution
		HideSolutionNode = FALSE
	EndGlobalSection
	GlobalSection(ExtensibilityGlobals) = postSolution
		SolutionGuid = {B5D05F9E-1124-4D27-9FA3-F8DADA3E6AFD}
	EndGlobalSection
EndGlobal
